
Microsoft Visual Studio Solution File, Format Version 12.00
# Visual Studio 15
VisualStudioVersion = 15.0.28307.168
MinimumVisualStudioVersion = 10.0.40219.1
Project("{FAE04EC0-301F-11D3-BF4B-00C04F79EFBC}") = "NotifierService", "NotifierService\NotifierService.csproj", "{79597CB3-ECCB-4009-903B-FBFA33F672CE}"
EndProject
Global
	GlobalSection(SolutionConfigurationPlatforms) = preSolution
		Debug|Any CPU = Debug|Any CPU
		Release|Any CPU = Release|Any CPU
	EndGlobalSection
	GlobalSection(ProjectConfigurationPlatforms) = postSolution
		{79597CB3-ECCB-4009-903B-FBFA33F672CE}.Debug|Any CPU.ActiveCfg = Debug|Any CPU
		{79597CB3-ECCB-4009-903B-FBFA33F672CE}.Debug|Any CPU.Build.0 = Debug|Any CPU
		{79597CB3-ECCB-4009-903B-FBFA33F672CE}.Release|Any CPU.ActiveCfg = Release|Any CPU
		{79597CB3-ECCB-4009-903B-FBFA33F672CE}.Release|Any CPU.Build.0 = Release|Any CPU
	EndGlobalSection
	GlobalSection(SolutionProperties) = preSolution
		HideSolutionNode = FALSE
	EndGlobalSection
	GlobalSection(ExtensibilityGlobals) = postSolution
		SolutionGuid = {3CE9DC4E-96B7-483D-9C36-8430661EB61A}
	EndGlobalSection
EndGlobal
